
Microsoft Visual Studio Solution File, Format Version 12.00
# Visual Studio Version 17
VisualStudioVersion = 17.4.33110.190
MinimumVisualStudioVersion = 10.0.40219.1
Project("{FAE04EC0-301F-11D3-BF4B-00C04F79EFBC}") = "T01_Basic Stack Operations", "T01_Basic Stack Operations\T01_Basic Stack Operations.csproj", "{8DF2D33C-1D28-4656-B049-79E091F95D2B}"
EndProject
Project("{FAE04EC0-301F-11D3-BF4B-00C04F79EFBC}") = "T02_Basic Queue Operations", "T02_Basic Queue Operations\T02_Basic Queue Operations.csproj", "{C9EBD04A-E273-49BE-971E-154128B612B9}"
EndProject
Project("{FAE04EC0-301F-11D3-BF4B-00C04F79EFBC}") = "T03_Maximum and Minimum Element", "T03_Maximum and Minimum Element\T03_Maximum and Minimum Element.csproj", "{E871C6C2-1BAC-4AA9-BC09-AD505013A40D}"
EndProject
Project("{FAE04EC0-301F-11D3-BF4B-00C04F79EFBC}") = "T04_Fast Food", "T04_Fast Food\T04_Fast Food.csproj", "{BDC9FC4B-4E9A-4661-9DB8-475E43212D5D}"
EndProject
Global
	GlobalSection(SolutionConfigurationPlatforms) = preSolution
		Debug|Any CPU = Debug|Any CPU
		Release|Any CPU = Release|Any CPU
	EndGlobalSection
	GlobalSection(ProjectConfigurationPlatforms) = postSolution
		{8DF2D33C-1D28-4656-B049-79E091F95D2B}.Debug|Any CPU.ActiveCfg = Debug|Any CPU
		{8DF2D33C-1D28-4656-B049-79E091F95D2B}.Debug|Any CPU.Build.0 = Debug|Any CPU
		{8DF2D33C-1D28-4656-B049-79E091F95D2B}.Release|Any CPU.ActiveCfg = Release|Any CPU
		{8DF2D33C-1D28-4656-B049-79E091F95D2B}.Release|Any CPU.Build.0 = Release|Any CPU
		{C9EBD04A-E273-49BE-971E-154128B612B9}.Debug|Any CPU.ActiveCfg = Debug|Any CPU
		{C9EBD04A-E273-49BE-971E-154128B612B9}.Debug|Any CPU.Build.0 = Debug|Any CPU
		{C9EBD04A-E273-49BE-971E-154128B612B9}.Release|Any CPU.ActiveCfg = Release|Any CPU
		{C9EBD04A-E273-49BE-971E-154128B612B9}.Release|Any CPU.Build.0 = Release|Any CPU
		{E871C6C2-1BAC-4AA9-BC09-AD505013A40D}.Debug|Any CPU.ActiveCfg = Debug|Any CPU
		{E871C6C2-1BAC-4AA9-BC09-AD505013A40D}.Debug|Any CPU.Build.0 = Debug|Any CPU
		{E871C6C2-1BAC-4AA9-BC09-AD505013A40D}.Release|Any CPU.ActiveCfg = Release|Any CPU
		{E871C6C2-1BAC-4AA9-BC09-AD505013A40D}.Release|Any CPU.Build.0 = Release|Any CPU
		{BDC9FC4B-4E9A-4661-9DB8-475E43212D5D}.Debug|Any CPU.ActiveCfg = Debug|Any CPU
		{BDC9FC4B-4E9A-4661-9DB8-475E43212D5D}.Debug|Any CPU.Build.0 = Debug|Any CPU
		{BDC9FC4B-4E9A-4661-9DB8-475E43212D5D}.Release|Any CPU.ActiveCfg = Release|Any CPU
		{BDC9FC4B-4E9A-4661-9DB8-475E43212D5D}.Release|Any CPU.Build.0 = Release|Any CPU
	EndGlobalSection
	GlobalSection(SolutionProperties) = preSolution
		HideSolutionNode = FALSE
	EndGlobalSection
	GlobalSection(ExtensibilityGlobals) = postSolution
		SolutionGuid = {296B6845-6D24-4ADB-B227-A1D7D4059C6E}
	EndGlobalSection
EndGlobal
