
Microsoft Visual Studio Solution File, Format Version 12.00
# Visual Studio Version 17
VisualStudioVersion = 17.3.32922.545
MinimumVisualStudioVersion = 10.0.40219.1
Project("{FAE04EC0-301F-11D3-BF4B-00C04F79EFBC}") = "T_01", "T_01\T_01.csproj", "{579A1348-E222-4D13-B321-13849154572A}"
EndProject
Global
	GlobalSection(SolutionConfigurationPlatforms) = preSolution
		Debug|Any CPU = Debug|Any CPU
		Release|Any CPU = Release|Any CPU
	EndGlobalSection
	GlobalSection(ProjectConfigurationPlatforms) = postSolution
		{579A1348-E222-4D13-B321-13849154572A}.Debug|Any CPU.ActiveCfg = Debug|Any CPU
		{579A1348-E222-4D13-B321-13849154572A}.Debug|Any CPU.Build.0 = Debug|Any CPU
		{579A1348-E222-4D13-B321-13849154572A}.Release|Any CPU.ActiveCfg = Release|Any CPU
		{579A1348-E222-4D13-B321-13849154572A}.Release|Any CPU.Build.0 = Release|Any CPU
	EndGlobalSection
	GlobalSection(SolutionProperties) = preSolution
		HideSolutionNode = FALSE
	EndGlobalSection
	GlobalSection(ExtensibilityGlobals) = postSolution
		SolutionGuid = {BABB3866-B3A6-4829-BB37-00485B9AD80C}
	EndGlobalSection
EndGlobal
