
Microsoft Visual Studio Solution File, Format Version 12.00
# Visual Studio Version 17
VisualStudioVersion = 17.3.32922.545
MinimumVisualStudioVersion = 10.0.40219.1
Project("{9A19103F-16F7-4668-BE54-9A1E7A4F7556}") = "T01_Train", "T01_Train\T01_Train.csproj", "{FB0048A7-2B42-441C-84EA-0B4F326952C1}"
EndProject
Project("{9A19103F-16F7-4668-BE54-9A1E7A4F7556}") = "T04_Array Rotation", "T04_Array Rotation\T04_Array Rotation.csproj", "{85CB4A0B-7E69-48D5-A5D8-C855FA98C6BA}"
EndProject
Project("{9A19103F-16F7-4668-BE54-9A1E7A4F7556}") = "T02_Common Elements", "T02_Common Elements\T02_Common Elements.csproj", "{42AEE144-8716-4262-A455-B8B1106DAC9B}"
EndProject
Project("{9A19103F-16F7-4668-BE54-9A1E7A4F7556}") = "T03_Zig-Zag Arrays", "T03_Zig-Zag Arrays\T03_Zig-Zag Arrays.csproj", "{A6DB00A4-CB08-43F1-B01F-529FF72FDD5F}"
EndProject
Project("{9A19103F-16F7-4668-BE54-9A1E7A4F7556}") = "T05_Top Integers", "T05_Top Integers\T05_Top Integers.csproj", "{94BEC9BB-2698-444A-A697-D8F3DF3700B6}"
EndProject
Project("{9A19103F-16F7-4668-BE54-9A1E7A4F7556}") = "T06_Equal Sums", "T06_Equal Sums\T06_Equal Sums.csproj", "{5739101D-3B31-41F5-B007-FC97D901EF9C}"
EndProject
Project("{9A19103F-16F7-4668-BE54-9A1E7A4F7556}") = "T07_Max Sequence of Equal Elements", "T07_Max Sequence of Equal Elements\T07_Max Sequence of Equal Elements.csproj", "{F5910D06-715B-4D53-BE1B-88FA4A705D08}"
EndProject
Project("{9A19103F-16F7-4668-BE54-9A1E7A4F7556}") = "T08_Magic Sum", "T08_Magic Sum\T08_Magic Sum.csproj", "{E94E9641-4C17-4EF7-A4AF-E9F2C95854D1}"
EndProject
Project("{9A19103F-16F7-4668-BE54-9A1E7A4F7556}") = "Т09_Kamino Factory", "Т09_Kamino Factory\Т09_Kamino Factory.csproj", "{8BBFCDA7-2972-412F-BECE-EE699B266CA0}"
EndProject
Project("{9A19103F-16F7-4668-BE54-9A1E7A4F7556}") = "T10_LadyBugs", "T10_LadyBugs\T10_LadyBugs.csproj", "{AF57FDAF-3750-4E9C-B302-FB75BBEE3537}"
EndProject
Global
	GlobalSection(SolutionConfigurationPlatforms) = preSolution
		Debug|Any CPU = Debug|Any CPU
		Release|Any CPU = Release|Any CPU
	EndGlobalSection
	GlobalSection(ProjectConfigurationPlatforms) = postSolution
		{FB0048A7-2B42-441C-84EA-0B4F326952C1}.Debug|Any CPU.ActiveCfg = Debug|Any CPU
		{FB0048A7-2B42-441C-84EA-0B4F326952C1}.Debug|Any CPU.Build.0 = Debug|Any CPU
		{FB0048A7-2B42-441C-84EA-0B4F326952C1}.Release|Any CPU.ActiveCfg = Release|Any CPU
		{FB0048A7-2B42-441C-84EA-0B4F326952C1}.Release|Any CPU.Build.0 = Release|Any CPU
		{85CB4A0B-7E69-48D5-A5D8-C855FA98C6BA}.Debug|Any CPU.ActiveCfg = Debug|Any CPU
		{85CB4A0B-7E69-48D5-A5D8-C855FA98C6BA}.Debug|Any CPU.Build.0 = Debug|Any CPU
		{85CB4A0B-7E69-48D5-A5D8-C855FA98C6BA}.Release|Any CPU.ActiveCfg = Release|Any CPU
		{85CB4A0B-7E69-48D5-A5D8-C855FA98C6BA}.Release|Any CPU.Build.0 = Release|Any CPU
		{42AEE144-8716-4262-A455-B8B1106DAC9B}.Debug|Any CPU.ActiveCfg = Debug|Any CPU
		{42AEE144-8716-4262-A455-B8B1106DAC9B}.Debug|Any CPU.Build.0 = Debug|Any CPU
		{42AEE144-8716-4262-A455-B8B1106DAC9B}.Release|Any CPU.ActiveCfg = Release|Any CPU
		{42AEE144-8716-4262-A455-B8B1106DAC9B}.Release|Any CPU.Build.0 = Release|Any CPU
		{A6DB00A4-CB08-43F1-B01F-529FF72FDD5F}.Debug|Any CPU.ActiveCfg = Debug|Any CPU
		{A6DB00A4-CB08-43F1-B01F-529FF72FDD5F}.Debug|Any CPU.Build.0 = Debug|Any CPU
		{A6DB00A4-CB08-43F1-B01F-529FF72FDD5F}.Release|Any CPU.ActiveCfg = Release|Any CPU
		{A6DB00A4-CB08-43F1-B01F-529FF72FDD5F}.Release|Any CPU.Build.0 = Release|Any CPU
		{94BEC9BB-2698-444A-A697-D8F3DF3700B6}.Debug|Any CPU.ActiveCfg = Debug|Any CPU
		{94BEC9BB-2698-444A-A697-D8F3DF3700B6}.Debug|Any CPU.Build.0 = Debug|Any CPU
		{94BEC9BB-2698-444A-A697-D8F3DF3700B6}.Release|Any CPU.ActiveCfg = Release|Any CPU
		{94BEC9BB-2698-444A-A697-D8F3DF3700B6}.Release|Any CPU.Build.0 = Release|Any CPU
		{5739101D-3B31-41F5-B007-FC97D901EF9C}.Debug|Any CPU.ActiveCfg = Debug|Any CPU
		{5739101D-3B31-41F5-B007-FC97D901EF9C}.Debug|Any CPU.Build.0 = Debug|Any CPU
		{5739101D-3B31-41F5-B007-FC97D901EF9C}.Release|Any CPU.ActiveCfg = Release|Any CPU
		{5739101D-3B31-41F5-B007-FC97D901EF9C}.Release|Any CPU.Build.0 = Release|Any CPU
		{F5910D06-715B-4D53-BE1B-88FA4A705D08}.Debug|Any CPU.ActiveCfg = Debug|Any CPU
		{F5910D06-715B-4D53-BE1B-88FA4A705D08}.Debug|Any CPU.Build.0 = Debug|Any CPU
		{F5910D06-715B-4D53-BE1B-88FA4A705D08}.Release|Any CPU.ActiveCfg = Release|Any CPU
		{F5910D06-715B-4D53-BE1B-88FA4A705D08}.Release|Any CPU.Build.0 = Release|Any CPU
		{E94E9641-4C17-4EF7-A4AF-E9F2C95854D1}.Debug|Any CPU.ActiveCfg = Debug|Any CPU
		{E94E9641-4C17-4EF7-A4AF-E9F2C95854D1}.Debug|Any CPU.Build.0 = Debug|Any CPU
		{E94E9641-4C17-4EF7-A4AF-E9F2C95854D1}.Release|Any CPU.ActiveCfg = Release|Any CPU
		{E94E9641-4C17-4EF7-A4AF-E9F2C95854D1}.Release|Any CPU.Build.0 = Release|Any CPU
		{8BBFCDA7-2972-412F-BECE-EE699B266CA0}.Debug|Any CPU.ActiveCfg = Debug|Any CPU
		{8BBFCDA7-2972-412F-BECE-EE699B266CA0}.Debug|Any CPU.Build.0 = Debug|Any CPU
		{8BBFCDA7-2972-412F-BECE-EE699B266CA0}.Release|Any CPU.ActiveCfg = Release|Any CPU
		{8BBFCDA7-2972-412F-BECE-EE699B266CA0}.Release|Any CPU.Build.0 = Release|Any CPU
		{AF57FDAF-3750-4E9C-B302-FB75BBEE3537}.Debug|Any CPU.ActiveCfg = Debug|Any CPU
		{AF57FDAF-3750-4E9C-B302-FB75BBEE3537}.Debug|Any CPU.Build.0 = Debug|Any CPU
		{AF57FDAF-3750-4E9C-B302-FB75BBEE3537}.Release|Any CPU.ActiveCfg = Release|Any CPU
		{AF57FDAF-3750-4E9C-B302-FB75BBEE3537}.Release|Any CPU.Build.0 = Release|Any CPU
	EndGlobalSection
	GlobalSection(SolutionProperties) = preSolution
		HideSolutionNode = FALSE
	EndGlobalSection
	GlobalSection(ExtensibilityGlobals) = postSolution
		SolutionGuid = {47A08FBC-4F52-4E5B-B136-13D964FF7736}
	EndGlobalSection
EndGlobal
