
Microsoft Visual Studio Solution File, Format Version 12.00
# Visual Studio Version 17
VisualStudioVersion = 17.3.32922.545
MinimumVisualStudioVersion = 10.0.40219.1
Project("{9A19103F-16F7-4668-BE54-9A1E7A4F7556}") = "T01_Train", "T01_Train\T01_Train.csproj", "{FB0048A7-2B42-441C-84EA-0B4F326952C1}"
EndProject
Project("{9A19103F-16F7-4668-BE54-9A1E7A4F7556}") = "T04_Array Rotation", "T04_Array Rotation\T04_Array Rotation.csproj", "{85CB4A0B-7E69-48D5-A5D8-C855FA98C6BA}"
EndProject
Project("{9A19103F-16F7-4668-BE54-9A1E7A4F7556}") = "T02_Common Elements", "T02_Common Elements\T02_Common Elements.csproj", "{42AEE144-8716-4262-A455-B8B1106DAC9B}"
EndProject
Project("{9A19103F-16F7-4668-BE54-9A1E7A4F7556}") = "T03_Zig-Zag Arrays", "N:\VasilProdanov\repo\SoftUniExercises\Arrays\ArraysExercise\T03_Zig-Zag Arrays\T03_Zig-Zag Arrays.csproj", "{D4EF0A0E-D0E6-48FD-91E9-189877251C8D}"
EndProject
Project("{9A19103F-16F7-4668-BE54-9A1E7A4F7556}") = "T05_Top Integers", "N:\VasilProdanov\repo\SoftUniExercises\Arrays\ArraysExercise\T05_Top Integers\T05_Top Integers.csproj", "{F2E97557-1286-4C06-983F-AA5D1D053F00}"
EndProject
Project("{9A19103F-16F7-4668-BE54-9A1E7A4F7556}") = "T10_LadyBugs", "N:\VasilProdanov\repo\SoftUniExercises\Arrays\ArraysExercise\T10_LadyBugs\T10_LadyBugs.csproj", "{B61FCC88-D797-4397-BC0A-5710581F3EF6}"
EndProject
Project("{FAE04EC0-301F-11D3-BF4B-00C04F79EFBC}") = "T06_Equal Sums", "N:\VasilProdanov\repo\SoftUniExercises\Arrays\ArraysExercise\T06_Equal Sums\T06_Equal Sums.csproj", "{60CD4BE7-BAC9-41D2-97F3-7D10C3E985D1}"
EndProject
Global
	GlobalSection(SolutionConfigurationPlatforms) = preSolution
		Debug|Any CPU = Debug|Any CPU
		Release|Any CPU = Release|Any CPU
	EndGlobalSection
	GlobalSection(ProjectConfigurationPlatforms) = postSolution
		{FB0048A7-2B42-441C-84EA-0B4F326952C1}.Debug|Any CPU.ActiveCfg = Debug|Any CPU
		{FB0048A7-2B42-441C-84EA-0B4F326952C1}.Debug|Any CPU.Build.0 = Debug|Any CPU
		{FB0048A7-2B42-441C-84EA-0B4F326952C1}.Release|Any CPU.ActiveCfg = Release|Any CPU
		{FB0048A7-2B42-441C-84EA-0B4F326952C1}.Release|Any CPU.Build.0 = Release|Any CPU
		{85CB4A0B-7E69-48D5-A5D8-C855FA98C6BA}.Debug|Any CPU.ActiveCfg = Debug|Any CPU
		{85CB4A0B-7E69-48D5-A5D8-C855FA98C6BA}.Debug|Any CPU.Build.0 = Debug|Any CPU
		{85CB4A0B-7E69-48D5-A5D8-C855FA98C6BA}.Release|Any CPU.ActiveCfg = Release|Any CPU
		{85CB4A0B-7E69-48D5-A5D8-C855FA98C6BA}.Release|Any CPU.Build.0 = Release|Any CPU
		{42AEE144-8716-4262-A455-B8B1106DAC9B}.Debug|Any CPU.ActiveCfg = Debug|Any CPU
		{42AEE144-8716-4262-A455-B8B1106DAC9B}.Debug|Any CPU.Build.0 = Debug|Any CPU
		{42AEE144-8716-4262-A455-B8B1106DAC9B}.Release|Any CPU.ActiveCfg = Release|Any CPU
		{42AEE144-8716-4262-A455-B8B1106DAC9B}.Release|Any CPU.Build.0 = Release|Any CPU
		{D4EF0A0E-D0E6-48FD-91E9-189877251C8D}.Debug|Any CPU.ActiveCfg = Debug|Any CPU
		{D4EF0A0E-D0E6-48FD-91E9-189877251C8D}.Debug|Any CPU.Build.0 = Debug|Any CPU
		{D4EF0A0E-D0E6-48FD-91E9-189877251C8D}.Release|Any CPU.ActiveCfg = Release|Any CPU
		{D4EF0A0E-D0E6-48FD-91E9-189877251C8D}.Release|Any CPU.Build.0 = Release|Any CPU
		{F2E97557-1286-4C06-983F-AA5D1D053F00}.Debug|Any CPU.ActiveCfg = Debug|Any CPU
		{F2E97557-1286-4C06-983F-AA5D1D053F00}.Debug|Any CPU.Build.0 = Debug|Any CPU
		{F2E97557-1286-4C06-983F-AA5D1D053F00}.Release|Any CPU.ActiveCfg = Release|Any CPU
		{F2E97557-1286-4C06-983F-AA5D1D053F00}.Release|Any CPU.Build.0 = Release|Any CPU
		{B61FCC88-D797-4397-BC0A-5710581F3EF6}.Debug|Any CPU.ActiveCfg = Debug|Any CPU
		{B61FCC88-D797-4397-BC0A-5710581F3EF6}.Debug|Any CPU.Build.0 = Debug|Any CPU
		{B61FCC88-D797-4397-BC0A-5710581F3EF6}.Release|Any CPU.ActiveCfg = Release|Any CPU
		{B61FCC88-D797-4397-BC0A-5710581F3EF6}.Release|Any CPU.Build.0 = Release|Any CPU
		{60CD4BE7-BAC9-41D2-97F3-7D10C3E985D1}.Debug|Any CPU.ActiveCfg = Debug|Any CPU
		{60CD4BE7-BAC9-41D2-97F3-7D10C3E985D1}.Debug|Any CPU.Build.0 = Debug|Any CPU
		{60CD4BE7-BAC9-41D2-97F3-7D10C3E985D1}.Release|Any CPU.ActiveCfg = Release|Any CPU
		{60CD4BE7-BAC9-41D2-97F3-7D10C3E985D1}.Release|Any CPU.Build.0 = Release|Any CPU
	EndGlobalSection
	GlobalSection(SolutionProperties) = preSolution
		HideSolutionNode = FALSE
	EndGlobalSection
	GlobalSection(ExtensibilityGlobals) = postSolution
		SolutionGuid = {47A08FBC-4F52-4E5B-B136-13D964FF7736}
	EndGlobalSection
EndGlobal
