
Microsoft Visual Studio Solution File, Format Version 12.00
# Visual Studio Version 17
VisualStudioVersion = 17.4.33110.190
MinimumVisualStudioVersion = 10.0.40219.1
Project("{FAE04EC0-301F-11D3-BF4B-00C04F79EFBC}") = "1. Diagonal Difference", "1. Diagonal Difference\1. Diagonal Difference.csproj", "{BC177DC7-59EA-409D-A357-4A5E47C5FBDF}"
EndProject
Project("{FAE04EC0-301F-11D3-BF4B-00C04F79EFBC}") = "2. Squares in Matrix", "2. Squares in Matrix\2. Squares in Matrix.csproj", "{DAB8BCD8-B7A9-454B-8A0C-B7472736AC02}"
EndProject
Project("{FAE04EC0-301F-11D3-BF4B-00C04F79EFBC}") = "3. Maximal Sum", "3. Maximal Sum\3. Maximal Sum.csproj", "{8ACB86E4-DAFB-4644-BF93-1A4B090C735A}"
EndProject
Project("{FAE04EC0-301F-11D3-BF4B-00C04F79EFBC}") = "4. Matrix Shuffling", "4. Matrix Shuffling\4. Matrix Shuffling.csproj", "{E827A36B-5DE1-4DC8-8056-F388D9DBE03F}"
EndProject
Project("{FAE04EC0-301F-11D3-BF4B-00C04F79EFBC}") = "5. Snake Moves", "5. Snake Moves\5. Snake Moves.csproj", "{8D9AE12E-68E8-412D-9EC8-9F0F5F359035}"
EndProject
Project("{FAE04EC0-301F-11D3-BF4B-00C04F79EFBC}") = "6. Jagged Array Manipulator", "6. Jagged Array Manipulator\6. Jagged Array Manipulator.csproj", "{32CB3BAE-8D49-4027-AF67-2BC5E53E7944}"
EndProject
Global
	GlobalSection(SolutionConfigurationPlatforms) = preSolution
		Debug|Any CPU = Debug|Any CPU
		Release|Any CPU = Release|Any CPU
	EndGlobalSection
	GlobalSection(ProjectConfigurationPlatforms) = postSolution
		{BC177DC7-59EA-409D-A357-4A5E47C5FBDF}.Debug|Any CPU.ActiveCfg = Debug|Any CPU
		{BC177DC7-59EA-409D-A357-4A5E47C5FBDF}.Debug|Any CPU.Build.0 = Debug|Any CPU
		{BC177DC7-59EA-409D-A357-4A5E47C5FBDF}.Release|Any CPU.ActiveCfg = Release|Any CPU
		{BC177DC7-59EA-409D-A357-4A5E47C5FBDF}.Release|Any CPU.Build.0 = Release|Any CPU
		{DAB8BCD8-B7A9-454B-8A0C-B7472736AC02}.Debug|Any CPU.ActiveCfg = Debug|Any CPU
		{DAB8BCD8-B7A9-454B-8A0C-B7472736AC02}.Debug|Any CPU.Build.0 = Debug|Any CPU
		{DAB8BCD8-B7A9-454B-8A0C-B7472736AC02}.Release|Any CPU.ActiveCfg = Release|Any CPU
		{DAB8BCD8-B7A9-454B-8A0C-B7472736AC02}.Release|Any CPU.Build.0 = Release|Any CPU
		{8ACB86E4-DAFB-4644-BF93-1A4B090C735A}.Debug|Any CPU.ActiveCfg = Debug|Any CPU
		{8ACB86E4-DAFB-4644-BF93-1A4B090C735A}.Debug|Any CPU.Build.0 = Debug|Any CPU
		{8ACB86E4-DAFB-4644-BF93-1A4B090C735A}.Release|Any CPU.ActiveCfg = Release|Any CPU
		{8ACB86E4-DAFB-4644-BF93-1A4B090C735A}.Release|Any CPU.Build.0 = Release|Any CPU
		{E827A36B-5DE1-4DC8-8056-F388D9DBE03F}.Debug|Any CPU.ActiveCfg = Debug|Any CPU
		{E827A36B-5DE1-4DC8-8056-F388D9DBE03F}.Debug|Any CPU.Build.0 = Debug|Any CPU
		{E827A36B-5DE1-4DC8-8056-F388D9DBE03F}.Release|Any CPU.ActiveCfg = Release|Any CPU
		{E827A36B-5DE1-4DC8-8056-F388D9DBE03F}.Release|Any CPU.Build.0 = Release|Any CPU
		{8D9AE12E-68E8-412D-9EC8-9F0F5F359035}.Debug|Any CPU.ActiveCfg = Debug|Any CPU
		{8D9AE12E-68E8-412D-9EC8-9F0F5F359035}.Debug|Any CPU.Build.0 = Debug|Any CPU
		{8D9AE12E-68E8-412D-9EC8-9F0F5F359035}.Release|Any CPU.ActiveCfg = Release|Any CPU
		{8D9AE12E-68E8-412D-9EC8-9F0F5F359035}.Release|Any CPU.Build.0 = Release|Any CPU
		{32CB3BAE-8D49-4027-AF67-2BC5E53E7944}.Debug|Any CPU.ActiveCfg = Debug|Any CPU
		{32CB3BAE-8D49-4027-AF67-2BC5E53E7944}.Debug|Any CPU.Build.0 = Debug|Any CPU
		{32CB3BAE-8D49-4027-AF67-2BC5E53E7944}.Release|Any CPU.ActiveCfg = Release|Any CPU
		{32CB3BAE-8D49-4027-AF67-2BC5E53E7944}.Release|Any CPU.Build.0 = Release|Any CPU
	EndGlobalSection
	GlobalSection(SolutionProperties) = preSolution
		HideSolutionNode = FALSE
	EndGlobalSection
	GlobalSection(ExtensibilityGlobals) = postSolution
		SolutionGuid = {CD8DA164-D1F8-4911-91AF-0D0F74594DBB}
	EndGlobalSection
EndGlobal
