
Microsoft Visual Studio Solution File, Format Version 12.00
# Visual Studio Version 17
VisualStudioVersion = 17.4.33110.190
MinimumVisualStudioVersion = 10.0.40219.1
Project("{FAE04EC0-301F-11D3-BF4B-00C04F79EFBC}") = "SoftuniDemo", "SoftuniDemo\SoftuniDemo.csproj", "{12B97EA3-1D36-4F91-B9AC-5F9B983796F3}"
EndProject
Global
	GlobalSection(SolutionConfigurationPlatforms) = preSolution
		Debug|Any CPU = Debug|Any CPU
		Release|Any CPU = Release|Any CPU
	EndGlobalSection
	GlobalSection(ProjectConfigurationPlatforms) = postSolution
		{12B97EA3-1D36-4F91-B9AC-5F9B983796F3}.Debug|Any CPU.ActiveCfg = Debug|Any CPU
		{12B97EA3-1D36-4F91-B9AC-5F9B983796F3}.Debug|Any CPU.Build.0 = Debug|Any CPU
		{12B97EA3-1D36-4F91-B9AC-5F9B983796F3}.Release|Any CPU.ActiveCfg = Release|Any CPU
		{12B97EA3-1D36-4F91-B9AC-5F9B983796F3}.Release|Any CPU.Build.0 = Release|Any CPU
	EndGlobalSection
	GlobalSection(SolutionProperties) = preSolution
		HideSolutionNode = FALSE
	EndGlobalSection
	GlobalSection(ExtensibilityGlobals) = postSolution
		SolutionGuid = {73984743-C17E-43FE-B8B0-736780D6265D}
	EndGlobalSection
EndGlobal
