
Microsoft Visual Studio Solution File, Format Version 12.00
# Visual Studio Version 17
VisualStudioVersion = 17.4.33110.190
MinimumVisualStudioVersion = 10.0.40219.1
Project("{FAE04EC0-301F-11D3-BF4B-00C04F79EFBC}") = "T01_Furniture", "T01_Furniture\T01_Furniture.csproj", "{9AC1B820-1091-405F-A801-15900F03E0FE}"
EndProject
Project("{FAE04EC0-301F-11D3-BF4B-00C04F79EFBC}") = "T02_Race", "T02_Race\T02_Race.csproj", "{7EFFE2BF-3612-47C9-B0B4-7AB1DFDACA5F}"
EndProject
Global
	GlobalSection(SolutionConfigurationPlatforms) = preSolution
		Debug|Any CPU = Debug|Any CPU
		Release|Any CPU = Release|Any CPU
	EndGlobalSection
	GlobalSection(ProjectConfigurationPlatforms) = postSolution
		{9AC1B820-1091-405F-A801-15900F03E0FE}.Debug|Any CPU.ActiveCfg = Debug|Any CPU
		{9AC1B820-1091-405F-A801-15900F03E0FE}.Debug|Any CPU.Build.0 = Debug|Any CPU
		{9AC1B820-1091-405F-A801-15900F03E0FE}.Release|Any CPU.ActiveCfg = Release|Any CPU
		{9AC1B820-1091-405F-A801-15900F03E0FE}.Release|Any CPU.Build.0 = Release|Any CPU
		{7EFFE2BF-3612-47C9-B0B4-7AB1DFDACA5F}.Debug|Any CPU.ActiveCfg = Debug|Any CPU
		{7EFFE2BF-3612-47C9-B0B4-7AB1DFDACA5F}.Debug|Any CPU.Build.0 = Debug|Any CPU
		{7EFFE2BF-3612-47C9-B0B4-7AB1DFDACA5F}.Release|Any CPU.ActiveCfg = Release|Any CPU
		{7EFFE2BF-3612-47C9-B0B4-7AB1DFDACA5F}.Release|Any CPU.Build.0 = Release|Any CPU
	EndGlobalSection
	GlobalSection(SolutionProperties) = preSolution
		HideSolutionNode = FALSE
	EndGlobalSection
	GlobalSection(ExtensibilityGlobals) = postSolution
		SolutionGuid = {2273A299-D48F-45FC-B2DF-00DF8CDC5678}
	EndGlobalSection
EndGlobal
