
Microsoft Visual Studio Solution File, Format Version 12.00
# Visual Studio Version 17
VisualStudioVersion = 17.3.32929.385
MinimumVisualStudioVersion = 10.0.40219.1
Project("{9A19103F-16F7-4668-BE54-9A1E7A4F7556}") = "T01_TeamworkProjects", "T01_TeamworkProjects\T01_TeamworkProjects.csproj", "{5AF9254D-5D72-434D-A975-74EBC46489B9}"
EndProject
Project("{9A19103F-16F7-4668-BE54-9A1E7A4F7556}") = "T02_Advertisement Message", "T02_Advertisement Message\T02_Advertisement Message.csproj", "{DF1C7EEE-07F9-4A5E-91BE-29F494D49C6B}"
EndProject
Project("{FAE04EC0-301F-11D3-BF4B-00C04F79EFBC}") = "T03_Articles", "T03_Articles\T03_Articles.csproj", "{257642A1-209A-4D05-BE25-CE7D0D46A937}"
EndProject
Project("{FAE04EC0-301F-11D3-BF4B-00C04F79EFBC}") = "T04_Articles2.0", "T04_Articles2.0\T04_Articles2.0.csproj", "{05034A98-6518-40E1-B551-B794FA3639B5}"
EndProject
Project("{FAE04EC0-301F-11D3-BF4B-00C04F79EFBC}") = "T05_Students", "T05_Students\T05_Students.csproj", "{6873C015-D7BA-48D4-9A8E-7E27E7216F8C}"
EndProject
Global
	GlobalSection(SolutionConfigurationPlatforms) = preSolution
		Debug|Any CPU = Debug|Any CPU
		Release|Any CPU = Release|Any CPU
	EndGlobalSection
	GlobalSection(ProjectConfigurationPlatforms) = postSolution
		{5AF9254D-5D72-434D-A975-74EBC46489B9}.Debug|Any CPU.ActiveCfg = Debug|Any CPU
		{5AF9254D-5D72-434D-A975-74EBC46489B9}.Debug|Any CPU.Build.0 = Debug|Any CPU
		{5AF9254D-5D72-434D-A975-74EBC46489B9}.Release|Any CPU.ActiveCfg = Release|Any CPU
		{5AF9254D-5D72-434D-A975-74EBC46489B9}.Release|Any CPU.Build.0 = Release|Any CPU
		{DF1C7EEE-07F9-4A5E-91BE-29F494D49C6B}.Debug|Any CPU.ActiveCfg = Debug|Any CPU
		{DF1C7EEE-07F9-4A5E-91BE-29F494D49C6B}.Debug|Any CPU.Build.0 = Debug|Any CPU
		{DF1C7EEE-07F9-4A5E-91BE-29F494D49C6B}.Release|Any CPU.ActiveCfg = Release|Any CPU
		{DF1C7EEE-07F9-4A5E-91BE-29F494D49C6B}.Release|Any CPU.Build.0 = Release|Any CPU
		{257642A1-209A-4D05-BE25-CE7D0D46A937}.Debug|Any CPU.ActiveCfg = Debug|Any CPU
		{257642A1-209A-4D05-BE25-CE7D0D46A937}.Debug|Any CPU.Build.0 = Debug|Any CPU
		{257642A1-209A-4D05-BE25-CE7D0D46A937}.Release|Any CPU.ActiveCfg = Release|Any CPU
		{257642A1-209A-4D05-BE25-CE7D0D46A937}.Release|Any CPU.Build.0 = Release|Any CPU
		{05034A98-6518-40E1-B551-B794FA3639B5}.Debug|Any CPU.ActiveCfg = Debug|Any CPU
		{05034A98-6518-40E1-B551-B794FA3639B5}.Debug|Any CPU.Build.0 = Debug|Any CPU
		{05034A98-6518-40E1-B551-B794FA3639B5}.Release|Any CPU.ActiveCfg = Release|Any CPU
		{05034A98-6518-40E1-B551-B794FA3639B5}.Release|Any CPU.Build.0 = Release|Any CPU
		{6873C015-D7BA-48D4-9A8E-7E27E7216F8C}.Debug|Any CPU.ActiveCfg = Debug|Any CPU
		{6873C015-D7BA-48D4-9A8E-7E27E7216F8C}.Debug|Any CPU.Build.0 = Debug|Any CPU
		{6873C015-D7BA-48D4-9A8E-7E27E7216F8C}.Release|Any CPU.ActiveCfg = Release|Any CPU
		{6873C015-D7BA-48D4-9A8E-7E27E7216F8C}.Release|Any CPU.Build.0 = Release|Any CPU
	EndGlobalSection
	GlobalSection(SolutionProperties) = preSolution
		HideSolutionNode = FALSE
	EndGlobalSection
	GlobalSection(ExtensibilityGlobals) = postSolution
		SolutionGuid = {95C389D8-056B-42C3-BCA3-86713C4228E5}
	EndGlobalSection
EndGlobal
