
Microsoft Visual Studio Solution File, Format Version 12.00
# Visual Studio Version 17
VisualStudioVersion = 17.3.32922.545
MinimumVisualStudioVersion = 10.0.40219.1
Project("{9A19103F-16F7-4668-BE54-9A1E7A4F7556}") = "T01_ Smallest of Three Numbers", "T01_ Smallest of Three Numbers\T01_ Smallest of Three Numbers.csproj", "{96FFD105-90E1-4CAB-8C12-9127B0541D82}"
EndProject
Project("{FAE04EC0-301F-11D3-BF4B-00C04F79EFBC}") = "T02_Vowels Count", "T02_Vowels Count\T02_Vowels Count.csproj", "{B6067616-8070-4D92-9C8B-D44CA35D0647}"
EndProject
Project("{FAE04EC0-301F-11D3-BF4B-00C04F79EFBC}") = "T03_Characters in Range", "T03_Characters in Range\T03_Characters in Range.csproj", "{FEEE16A2-FF87-4DF7-BED2-3F0B153A219F}"
EndProject
Project("{FAE04EC0-301F-11D3-BF4B-00C04F79EFBC}") = "T04_Password Validator", "T04_Password Validator\T04_Password Validator.csproj", "{45CA1164-A2B7-4C9D-8355-1258FCD1ED11}"
EndProject
Project("{FAE04EC0-301F-11D3-BF4B-00C04F79EFBC}") = "T11_Array Manipulator", "T11_Array Manipulator\T11_Array Manipulator.csproj", "{6B833C7E-581F-400E-ACFF-AB719B7BEB56}"
EndProject
Global
	GlobalSection(SolutionConfigurationPlatforms) = preSolution
		Debug|Any CPU = Debug|Any CPU
		Release|Any CPU = Release|Any CPU
	EndGlobalSection
	GlobalSection(ProjectConfigurationPlatforms) = postSolution
		{96FFD105-90E1-4CAB-8C12-9127B0541D82}.Debug|Any CPU.ActiveCfg = Debug|Any CPU
		{96FFD105-90E1-4CAB-8C12-9127B0541D82}.Debug|Any CPU.Build.0 = Debug|Any CPU
		{96FFD105-90E1-4CAB-8C12-9127B0541D82}.Release|Any CPU.ActiveCfg = Release|Any CPU
		{96FFD105-90E1-4CAB-8C12-9127B0541D82}.Release|Any CPU.Build.0 = Release|Any CPU
		{B6067616-8070-4D92-9C8B-D44CA35D0647}.Debug|Any CPU.ActiveCfg = Debug|Any CPU
		{B6067616-8070-4D92-9C8B-D44CA35D0647}.Debug|Any CPU.Build.0 = Debug|Any CPU
		{B6067616-8070-4D92-9C8B-D44CA35D0647}.Release|Any CPU.ActiveCfg = Release|Any CPU
		{B6067616-8070-4D92-9C8B-D44CA35D0647}.Release|Any CPU.Build.0 = Release|Any CPU
		{FEEE16A2-FF87-4DF7-BED2-3F0B153A219F}.Debug|Any CPU.ActiveCfg = Debug|Any CPU
		{FEEE16A2-FF87-4DF7-BED2-3F0B153A219F}.Debug|Any CPU.Build.0 = Debug|Any CPU
		{FEEE16A2-FF87-4DF7-BED2-3F0B153A219F}.Release|Any CPU.ActiveCfg = Release|Any CPU
		{FEEE16A2-FF87-4DF7-BED2-3F0B153A219F}.Release|Any CPU.Build.0 = Release|Any CPU
		{45CA1164-A2B7-4C9D-8355-1258FCD1ED11}.Debug|Any CPU.ActiveCfg = Debug|Any CPU
		{45CA1164-A2B7-4C9D-8355-1258FCD1ED11}.Debug|Any CPU.Build.0 = Debug|Any CPU
		{45CA1164-A2B7-4C9D-8355-1258FCD1ED11}.Release|Any CPU.ActiveCfg = Release|Any CPU
		{45CA1164-A2B7-4C9D-8355-1258FCD1ED11}.Release|Any CPU.Build.0 = Release|Any CPU
		{6B833C7E-581F-400E-ACFF-AB719B7BEB56}.Debug|Any CPU.ActiveCfg = Debug|Any CPU
		{6B833C7E-581F-400E-ACFF-AB719B7BEB56}.Debug|Any CPU.Build.0 = Debug|Any CPU
		{6B833C7E-581F-400E-ACFF-AB719B7BEB56}.Release|Any CPU.ActiveCfg = Release|Any CPU
		{6B833C7E-581F-400E-ACFF-AB719B7BEB56}.Release|Any CPU.Build.0 = Release|Any CPU
	EndGlobalSection
	GlobalSection(SolutionProperties) = preSolution
		HideSolutionNode = FALSE
	EndGlobalSection
	GlobalSection(ExtensibilityGlobals) = postSolution
		SolutionGuid = {5537F136-A4B7-4DD1-A50A-AD1F3622DCE3}
	EndGlobalSection
EndGlobal
