
Microsoft Visual Studio Solution File, Format Version 12.00
# Visual Studio Version 17
VisualStudioVersion = 17.4.33110.190
MinimumVisualStudioVersion = 10.0.40219.1
Project("{9A19103F-16F7-4668-BE54-9A1E7A4F7556}") = "T03_Heroes of Code and Logic VII", "T03_Heroes of Code and Logic VII\T03_Heroes of Code and Logic VII.csproj", "{37D8B0B1-23CD-4EF0-A144-C12FB7A3F929}"
EndProject
Project("{9A19103F-16F7-4668-BE54-9A1E7A4F7556}") = "T01_Activation", "T01_Activation\T01_Activation.csproj", "{2C4E59BB-9DC1-40F6-8ABB-4A1033F7F3CB}"
EndProject
Project("{9A19103F-16F7-4668-BE54-9A1E7A4F7556}") = "T02_EmojiDetect", "T02_EmojiDetect\T02_EmojiDetect.csproj", "{23BC8A86-C7D8-4573-BEEA-225E9786ACCA}"
EndProject
Project("{9A19103F-16F7-4668-BE54-9A1E7A4F7556}") = "T03_The Pianist", "T03_The Pianist\T03_The Pianist.csproj", "{511B3CE5-CC54-4155-B352-F75FB7D2A628}"
EndProject
Project("{9A19103F-16F7-4668-BE54-9A1E7A4F7556}") = "T02_Ad Astra", "T02_Ad Astra\T02_Ad Astra.csproj", "{D27E828F-34CB-46B2-ADDF-AC741DCE3C3C}"
EndProject
Project("{9A19103F-16F7-4668-BE54-9A1E7A4F7556}") = "T01_The Imitati", "T01_The Imitati\T01_The Imitati.csproj", "{94D3444C-FC7F-4F14-A420-2965CEF6053F}"
EndProject
Project("{9A19103F-16F7-4668-BE54-9A1E7A4F7556}") = "T03_P!rates", "T03_P!rates\T03_P!rates.csproj", "{CCCB29E8-68F7-4BA8-9F1C-1A3A677B5883}"
EndProject
Project("{FAE04EC0-301F-11D3-BF4B-00C04F79EFBC}") = "T01_PasswoReset", "T01_PasswoReset\T01_PasswoReset.csproj", "{85506AB7-161A-4D78-A683-66091C0BDE44}"
EndProject
Global
	GlobalSection(SolutionConfigurationPlatforms) = preSolution
		Debug|Any CPU = Debug|Any CPU
		Release|Any CPU = Release|Any CPU
	EndGlobalSection
	GlobalSection(ProjectConfigurationPlatforms) = postSolution
		{37D8B0B1-23CD-4EF0-A144-C12FB7A3F929}.Debug|Any CPU.ActiveCfg = Debug|Any CPU
		{37D8B0B1-23CD-4EF0-A144-C12FB7A3F929}.Debug|Any CPU.Build.0 = Debug|Any CPU
		{37D8B0B1-23CD-4EF0-A144-C12FB7A3F929}.Release|Any CPU.ActiveCfg = Release|Any CPU
		{37D8B0B1-23CD-4EF0-A144-C12FB7A3F929}.Release|Any CPU.Build.0 = Release|Any CPU
		{2C4E59BB-9DC1-40F6-8ABB-4A1033F7F3CB}.Debug|Any CPU.ActiveCfg = Debug|Any CPU
		{2C4E59BB-9DC1-40F6-8ABB-4A1033F7F3CB}.Debug|Any CPU.Build.0 = Debug|Any CPU
		{2C4E59BB-9DC1-40F6-8ABB-4A1033F7F3CB}.Release|Any CPU.ActiveCfg = Release|Any CPU
		{2C4E59BB-9DC1-40F6-8ABB-4A1033F7F3CB}.Release|Any CPU.Build.0 = Release|Any CPU
		{23BC8A86-C7D8-4573-BEEA-225E9786ACCA}.Debug|Any CPU.ActiveCfg = Debug|Any CPU
		{23BC8A86-C7D8-4573-BEEA-225E9786ACCA}.Debug|Any CPU.Build.0 = Debug|Any CPU
		{23BC8A86-C7D8-4573-BEEA-225E9786ACCA}.Release|Any CPU.ActiveCfg = Release|Any CPU
		{23BC8A86-C7D8-4573-BEEA-225E9786ACCA}.Release|Any CPU.Build.0 = Release|Any CPU
		{511B3CE5-CC54-4155-B352-F75FB7D2A628}.Debug|Any CPU.ActiveCfg = Debug|Any CPU
		{511B3CE5-CC54-4155-B352-F75FB7D2A628}.Debug|Any CPU.Build.0 = Debug|Any CPU
		{511B3CE5-CC54-4155-B352-F75FB7D2A628}.Release|Any CPU.ActiveCfg = Release|Any CPU
		{511B3CE5-CC54-4155-B352-F75FB7D2A628}.Release|Any CPU.Build.0 = Release|Any CPU
		{D27E828F-34CB-46B2-ADDF-AC741DCE3C3C}.Debug|Any CPU.ActiveCfg = Debug|Any CPU
		{D27E828F-34CB-46B2-ADDF-AC741DCE3C3C}.Debug|Any CPU.Build.0 = Debug|Any CPU
		{D27E828F-34CB-46B2-ADDF-AC741DCE3C3C}.Release|Any CPU.ActiveCfg = Release|Any CPU
		{D27E828F-34CB-46B2-ADDF-AC741DCE3C3C}.Release|Any CPU.Build.0 = Release|Any CPU
		{94D3444C-FC7F-4F14-A420-2965CEF6053F}.Debug|Any CPU.ActiveCfg = Debug|Any CPU
		{94D3444C-FC7F-4F14-A420-2965CEF6053F}.Debug|Any CPU.Build.0 = Debug|Any CPU
		{94D3444C-FC7F-4F14-A420-2965CEF6053F}.Release|Any CPU.ActiveCfg = Release|Any CPU
		{94D3444C-FC7F-4F14-A420-2965CEF6053F}.Release|Any CPU.Build.0 = Release|Any CPU
		{CCCB29E8-68F7-4BA8-9F1C-1A3A677B5883}.Debug|Any CPU.ActiveCfg = Debug|Any CPU
		{CCCB29E8-68F7-4BA8-9F1C-1A3A677B5883}.Debug|Any CPU.Build.0 = Debug|Any CPU
		{CCCB29E8-68F7-4BA8-9F1C-1A3A677B5883}.Release|Any CPU.ActiveCfg = Release|Any CPU
		{CCCB29E8-68F7-4BA8-9F1C-1A3A677B5883}.Release|Any CPU.Build.0 = Release|Any CPU
		{85506AB7-161A-4D78-A683-66091C0BDE44}.Debug|Any CPU.ActiveCfg = Debug|Any CPU
		{85506AB7-161A-4D78-A683-66091C0BDE44}.Debug|Any CPU.Build.0 = Debug|Any CPU
		{85506AB7-161A-4D78-A683-66091C0BDE44}.Release|Any CPU.ActiveCfg = Release|Any CPU
		{85506AB7-161A-4D78-A683-66091C0BDE44}.Release|Any CPU.Build.0 = Release|Any CPU
	EndGlobalSection
	GlobalSection(SolutionProperties) = preSolution
		HideSolutionNode = FALSE
	EndGlobalSection
	GlobalSection(ExtensibilityGlobals) = postSolution
		SolutionGuid = {62912194-CF2D-44D5-99E8-3323B93CEF67}
	EndGlobalSection
EndGlobal
